
Microsoft Visual Studio Solution File, Format Version 12.00
# Visual Studio Version 17
VisualStudioVersion = 17.5.33530.505
MinimumVisualStudioVersion = 10.0.40219.1
Project("{FAE04EC0-301F-11D3-BF4B-00C04F79EFBC}") = "Decorator", "Decorator\Decorator.csproj", "{432C9F71-BEAA-4B6B-BDE4-AB37C54157B4}"
EndProject
Project("{FAE04EC0-301F-11D3-BF4B-00C04F79EFBC}") = "Memento", "Memento\Memento.csproj", "{78CF7598-6BFF-44C8-BB08-8BF5DAB84F97}"
EndProject
Global
	GlobalSection(SolutionConfigurationPlatforms) = preSolution
		Debug|Any CPU = Debug|Any CPU
		Release|Any CPU = Release|Any CPU
	EndGlobalSection
	GlobalSection(ProjectConfigurationPlatforms) = postSolution
		{432C9F71-BEAA-4B6B-BDE4-AB37C54157B4}.Debug|Any CPU.ActiveCfg = Debug|Any CPU
		{432C9F71-BEAA-4B6B-BDE4-AB37C54157B4}.Debug|Any CPU.Build.0 = Debug|Any CPU
		{432C9F71-BEAA-4B6B-BDE4-AB37C54157B4}.Release|Any CPU.ActiveCfg = Release|Any CPU
		{432C9F71-BEAA-4B6B-BDE4-AB37C54157B4}.Release|Any CPU.Build.0 = Release|Any CPU
		{78CF7598-6BFF-44C8-BB08-8BF5DAB84F97}.Debug|Any CPU.ActiveCfg = Debug|Any CPU
		{78CF7598-6BFF-44C8-BB08-8BF5DAB84F97}.Debug|Any CPU.Build.0 = Debug|Any CPU
		{78CF7598-6BFF-44C8-BB08-8BF5DAB84F97}.Release|Any CPU.ActiveCfg = Release|Any CPU
		{78CF7598-6BFF-44C8-BB08-8BF5DAB84F97}.Release|Any CPU.Build.0 = Release|Any CPU
	EndGlobalSection
	GlobalSection(SolutionProperties) = preSolution
		HideSolutionNode = FALSE
	EndGlobalSection
	GlobalSection(ExtensibilityGlobals) = postSolution
		SolutionGuid = {145EE1E2-5CCF-477A-9183-A0CBA20FF876}
	EndGlobalSection
EndGlobal
